// !$*UTF8*$!
{
	archiveVersion = 1;
	classes = {
	};
	objectVersion = 56;
	objects = {

/* Begin PBXBuildFile section */
		1D85F8972A12396500EB810C /* Extension.swift in Sources */ = {isa = PBXBuildFile; fileRef = 1D85F8962A12396500EB810C /* Extension.swift */; };
		1D87FBC72A0CCEB50013AC3C /* LakerslakejerApp.swift in Sources */ = {isa = PBXBuildFile; fileRef = 1D87FBC62A0CCEB50013AC3C /* LakerslakejerApp.swift */; };
		1D87FBC92A0CCEB50013AC3C /* ContentView.swift in Sources */ = {isa = PBXBuildFile; fileRef = 1D87FBC82A0CCEB50013AC3C /* ContentView.swift */; };
		1D87FBCB2A0CCEB70013AC3C /* Assets.xcassets in Resources */ = {isa = PBXBuildFile; fileRef = 1D87FBCA2A0CCEB70013AC3C /* Assets.xcassets */; };
		1D87FBCE2A0CCEB70013AC3C /* Preview Assets.xcassets in Resources */ = {isa = PBXBuildFile; fileRef = 1D87FBCD2A0CCEB70013AC3C /* Preview Assets.xcassets */; };
		1D87FBD02A0CCEB70013AC3C /* Persistence.swift in Sources */ = {isa = PBXBuildFile; fileRef = 1D87FBCF2A0CCEB70013AC3C /* Persistence.swift */; };
		1D87FBD32A0CCEB70013AC3C /* Lakerslakejer.xcdatamodeld in Sources */ = {isa = PBXBuildFile; fileRef = 1D87FBD12A0CCEB70013AC3C /* Lakerslakejer.xcdatamodeld */; };
		1DAFFEDB2A14D6DC00212C61 /* CardView.swift in Sources */ = {isa = PBXBuildFile; fileRef = 1DAFFEDA2A14D6DB00212C61 /* CardView.swift */; };
		1DAFFEDD2A14D86100212C61 /* NewsEntryView.swift in Sources */ = {isa = PBXBuildFile; fileRef = 1DAFFEDC2A14D86100212C61 /* NewsEntryView.swift */; };
		1DAFFEDF2A14D88700212C61 /* NewsView.swift in Sources */ = {isa = PBXBuildFile; fileRef = 1DAFFEDE2A14D88700212C61 /* NewsView.swift */; };
		1DBD55F02A13C24300CC31EA /* CreateNewsView.swift in Sources */ = {isa = PBXBuildFile; fileRef = 1DBD55EF2A13C24300CC31EA /* CreateNewsView.swift */; };
		1DBD55F22A13C28000CC31EA /* News.swift in Sources */ = {isa = PBXBuildFile; fileRef = 1DBD55F12A13C28000CC31EA /* News.swift */; };
		1DBD55F42A13C29700CC31EA /* NewsVM.swift in Sources */ = {isa = PBXBuildFile; fileRef = 1DBD55F32A13C29700CC31EA /* NewsVM.swift */; };
		4E12541E2A1762E2004B8B47 /* SponsorView.swift in Sources */ = {isa = PBXBuildFile; fileRef = 4E12541D2A1762E2004B8B47 /* SponsorView.swift */; };
		61FC44652A129F1E00D7F502 /* GoogleService-Info.plist in Resources */ = {isa = PBXBuildFile; fileRef = 61FC44642A129F1E00D7F502 /* GoogleService-Info.plist */; };
		61FC44682A129F4700D7F502 /* FirebaseAuth in Frameworks */ = {isa = PBXBuildFile; productRef = 61FC44672A129F4700D7F502 /* FirebaseAuth */; };
		61FC446A2A129F4700D7F502 /* FirebaseDatabase in Frameworks */ = {isa = PBXBuildFile; productRef = 61FC44692A129F4700D7F502 /* FirebaseDatabase */; };
		61FC446C2A129F4700D7F502 /* FirebaseDatabaseSwift in Frameworks */ = {isa = PBXBuildFile; productRef = 61FC446B2A129F4700D7F502 /* FirebaseDatabaseSwift */; };
		61FC446E2A129F4700D7F502 /* FirebaseFirestore in Frameworks */ = {isa = PBXBuildFile; productRef = 61FC446D2A129F4700D7F502 /* FirebaseFirestore */; };
		61FC44702A129F4700D7F502 /* FirebaseFirestoreSwift in Frameworks */ = {isa = PBXBuildFile; productRef = 61FC446F2A129F4700D7F502 /* FirebaseFirestoreSwift */; };
		61FC44722A129F4700D7F502 /* FirebaseStorage in Frameworks */ = {isa = PBXBuildFile; productRef = 61FC44712A129F4700D7F502 /* FirebaseStorage */; };
		61FC44782A12A58E00D7F502 /* UserSignUpView.swift in Sources */ = {isa = PBXBuildFile; fileRef = 61FC44772A12A58E00D7F502 /* UserSignUpView.swift */; };
		61FC447A2A13E73D00D7F502 /* User.swift in Sources */ = {isa = PBXBuildFile; fileRef = 61FC44792A13E73D00D7F502 /* User.swift */; };
		61FC44802A13FAC100D7F502 /* UserRegisterVM.swift in Sources */ = {isa = PBXBuildFile; fileRef = 61FC447F2A13FAC100D7F502 /* UserRegisterVM.swift */; };
		B9721DB82A12593F00493CF3 /* CouponView.swift in Sources */ = {isa = PBXBuildFile; fileRef = B9721DB72A12593F00493CF3 /* CouponView.swift */; };
		B9721DBC2A1288F200493CF3 /* LoginView.swift in Sources */ = {isa = PBXBuildFile; fileRef = B9721DBB2A1288F200493CF3 /* LoginView.swift */; };
		B9721DCE2A14F63800493CF3 /* Coupon.swift in Sources */ = {isa = PBXBuildFile; fileRef = B9721DCD2A14F63800493CF3 /* Coupon.swift */; };
		B9721DD02A14F64800493CF3 /* CouponViewModel.swift in Sources */ = {isa = PBXBuildFile; fileRef = B9721DCF2A14F64800493CF3 /* CouponViewModel.swift */; };
		B9B40FEB2A12349F009CA9C0 /* MenuView.swift in Sources */ = {isa = PBXBuildFile; fileRef = B9B40FEA2A12349F009CA9C0 /* MenuView.swift */; };
/* End PBXBuildFile section */

/* Begin PBXFileReference section */
		1D85F8962A12396500EB810C /* Extension.swift */ = {isa = PBXFileReference; lastKnownFileType = sourcecode.swift; path = Extension.swift; sourceTree = "<group>"; };
		1D87FBC32A0CCEB50013AC3C /* Lakerslakejer.app */ = {isa = PBXFileReference; explicitFileType = wrapper.application; includeInIndex = 0; path = Lakerslakejer.app; sourceTree = BUILT_PRODUCTS_DIR; };
		1D87FBC62A0CCEB50013AC3C /* LakerslakejerApp.swift */ = {isa = PBXFileReference; lastKnownFileType = sourcecode.swift; path = LakerslakejerApp.swift; sourceTree = "<group>"; };
		1D87FBC82A0CCEB50013AC3C /* ContentView.swift */ = {isa = PBXFileReference; lastKnownFileType = sourcecode.swift; path = ContentView.swift; sourceTree = "<group>"; };
		1D87FBCA2A0CCEB70013AC3C /* Assets.xcassets */ = {isa = PBXFileReference; lastKnownFileType = folder.assetcatalog; path = Assets.xcassets; sourceTree = "<group>"; };
		1D87FBCD2A0CCEB70013AC3C /* Preview Assets.xcassets */ = {isa = PBXFileReference; lastKnownFileType = folder.assetcatalog; path = "Preview Assets.xcassets"; sourceTree = "<group>"; };
		1D87FBCF2A0CCEB70013AC3C /* Persistence.swift */ = {isa = PBXFileReference; lastKnownFileType = sourcecode.swift; path = Persistence.swift; sourceTree = "<group>"; };
		1D87FBD22A0CCEB70013AC3C /* Lakerslakejer.xcdatamodel */ = {isa = PBXFileReference; lastKnownFileType = wrapper.xcdatamodel; path = Lakerslakejer.xcdatamodel; sourceTree = "<group>"; };
		1DAFFEDA2A14D6DB00212C61 /* CardView.swift */ = {isa = PBXFileReference; fileEncoding = 4; lastKnownFileType = sourcecode.swift; path = CardView.swift; sourceTree = "<group>"; };
		1DAFFEDC2A14D86100212C61 /* NewsEntryView.swift */ = {isa = PBXFileReference; lastKnownFileType = sourcecode.swift; path = NewsEntryView.swift; sourceTree = "<group>"; };
		1DAFFEDE2A14D88700212C61 /* NewsView.swift */ = {isa = PBXFileReference; lastKnownFileType = sourcecode.swift; path = NewsView.swift; sourceTree = "<group>"; };
		1DBD55EF2A13C24300CC31EA /* CreateNewsView.swift */ = {isa = PBXFileReference; lastKnownFileType = sourcecode.swift; path = CreateNewsView.swift; sourceTree = "<group>"; };
		1DBD55F12A13C28000CC31EA /* News.swift */ = {isa = PBXFileReference; lastKnownFileType = sourcecode.swift; path = News.swift; sourceTree = "<group>"; };
		1DBD55F32A13C29700CC31EA /* NewsVM.swift */ = {isa = PBXFileReference; lastKnownFileType = sourcecode.swift; path = NewsVM.swift; sourceTree = "<group>"; };
		4E12541D2A1762E2004B8B47 /* SponsorView.swift */ = {isa = PBXFileReference; fileEncoding = 4; lastKnownFileType = sourcecode.swift; path = SponsorView.swift; sourceTree = "<group>"; };
		61FC44642A129F1E00D7F502 /* GoogleService-Info.plist */ = {isa = PBXFileReference; fileEncoding = 4; lastKnownFileType = text.plist.xml; path = "GoogleService-Info.plist"; sourceTree = "<group>"; };
		61FC44772A12A58E00D7F502 /* UserSignUpView.swift */ = {isa = PBXFileReference; lastKnownFileType = sourcecode.swift; path = UserSignUpView.swift; sourceTree = "<group>"; };
		61FC44792A13E73D00D7F502 /* User.swift */ = {isa = PBXFileReference; lastKnownFileType = sourcecode.swift; path = User.swift; sourceTree = "<group>"; };
		61FC447F2A13FAC100D7F502 /* UserRegisterVM.swift */ = {isa = PBXFileReference; lastKnownFileType = sourcecode.swift; path = UserRegisterVM.swift; sourceTree = "<group>"; };
		B9721DB72A12593F00493CF3 /* CouponView.swift */ = {isa = PBXFileReference; lastKnownFileType = sourcecode.swift; path = CouponView.swift; sourceTree = "<group>"; };
		B9721DBB2A1288F200493CF3 /* LoginView.swift */ = {isa = PBXFileReference; lastKnownFileType = sourcecode.swift; path = LoginView.swift; sourceTree = "<group>"; };
		B9721DCD2A14F63800493CF3 /* Coupon.swift */ = {isa = PBXFileReference; lastKnownFileType = sourcecode.swift; path = Coupon.swift; sourceTree = "<group>"; };
		B9721DCF2A14F64800493CF3 /* CouponViewModel.swift */ = {isa = PBXFileReference; lastKnownFileType = sourcecode.swift; path = CouponViewModel.swift; sourceTree = "<group>"; };
		B9B40FEA2A12349F009CA9C0 /* MenuView.swift */ = {isa = PBXFileReference; lastKnownFileType = sourcecode.swift; path = MenuView.swift; sourceTree = "<group>"; };
/* End PBXFileReference section */

/* Begin PBXFrameworksBuildPhase section */
		1D87FBC02A0CCEB50013AC3C /* Frameworks */ = {
			isa = PBXFrameworksBuildPhase;
			buildActionMask = 2147483647;
			files = (
				61FC44702A129F4700D7F502 /* FirebaseFirestoreSwift in Frameworks */,
				61FC446C2A129F4700D7F502 /* FirebaseDatabaseSwift in Frameworks */,
				61FC446E2A129F4700D7F502 /* FirebaseFirestore in Frameworks */,
				61FC446A2A129F4700D7F502 /* FirebaseDatabase in Frameworks */,
				61FC44682A129F4700D7F502 /* FirebaseAuth in Frameworks */,
				61FC44722A129F4700D7F502 /* FirebaseStorage in Frameworks */,
			);
			runOnlyForDeploymentPostprocessing = 0;
		};
/* End PBXFrameworksBuildPhase section */

/* Begin PBXGroup section */
		1D87FBBA2A0CCEB50013AC3C = {
			isa = PBXGroup;
			children = (
				1D87FBC52A0CCEB50013AC3C /* Lakerslakejer */,
				1D87FBC42A0CCEB50013AC3C /* Products */,
			);
			sourceTree = "<group>";
		};
		1D87FBC42A0CCEB50013AC3C /* Products */ = {
			isa = PBXGroup;
			children = (
				1D87FBC32A0CCEB50013AC3C /* Lakerslakejer.app */,
			);
			name = Products;
			sourceTree = "<group>";
		};
		1D87FBC52A0CCEB50013AC3C /* Lakerslakejer */ = {
			isa = PBXGroup;
			children = (
				1D9163942A13F3FA00036CA0 /* Coupon */,
				1D9163932A13F3F300036CA0 /* Card */,
				1D9163922A13F3E600036CA0 /* User */,
				1DBD55EE2A13C22700CC31EA /* News */,
				1D87FBC62A0CCEB50013AC3C /* LakerslakejerApp.swift */,
				1D87FBC82A0CCEB50013AC3C /* ContentView.swift */,
				B9721DBB2A1288F200493CF3 /* LoginView.swift */,
				61FC44772A12A58E00D7F502 /* UserSignUpView.swift */,
				1D87FBCA2A0CCEB70013AC3C /* Assets.xcassets */,
				1D87FBCF2A0CCEB70013AC3C /* Persistence.swift */,
				1D87FBD12A0CCEB70013AC3C /* Lakerslakejer.xcdatamodeld */,
				1D87FBCC2A0CCEB70013AC3C /* Preview Content */,
				B9B40FEA2A12349F009CA9C0 /* MenuView.swift */,
				4E12541D2A1762E2004B8B47 /* SponsorView.swift */,
				1D85F8962A12396500EB810C /* Extension.swift */,
				61FC44642A129F1E00D7F502 /* GoogleService-Info.plist */,
				61FC44792A13E73D00D7F502 /* User.swift */,
				61FC447F2A13FAC100D7F502 /* UserRegisterVM.swift */,
			);
			path = Lakerslakejer;
			sourceTree = "<group>";
		};
		1D87FBCC2A0CCEB70013AC3C /* Preview Content */ = {
			isa = PBXGroup;
			children = (
				1D87FBCD2A0CCEB70013AC3C /* Preview Assets.xcassets */,
			);
			path = "Preview Content";
			sourceTree = "<group>";
		};
		1D9163922A13F3E600036CA0 /* User */ = {
			isa = PBXGroup;
			children = (
			);
			path = User;
			sourceTree = "<group>";
		};
		1D9163932A13F3F300036CA0 /* Card */ = {
			isa = PBXGroup;
			children = (
				1DAFFEDA2A14D6DB00212C61 /* CardView.swift */,
			);
			path = Card;
			sourceTree = "<group>";
		};
		1D9163942A13F3FA00036CA0 /* Coupon */ = {
			isa = PBXGroup;
			children = (
				B9721DB72A12593F00493CF3 /* CouponView.swift */,
				B9721DCD2A14F63800493CF3 /* Coupon.swift */,
				B9721DCF2A14F64800493CF3 /* CouponViewModel.swift */,
			);
			path = Coupon;
			sourceTree = "<group>";
		};
		1DBD55EE2A13C22700CC31EA /* News */ = {
			isa = PBXGroup;
			children = (
				1DBD55EF2A13C24300CC31EA /* CreateNewsView.swift */,
				1DBD55F12A13C28000CC31EA /* News.swift */,
				1DBD55F32A13C29700CC31EA /* NewsVM.swift */,
				1DAFFEDC2A14D86100212C61 /* NewsEntryView.swift */,
				1DAFFEDE2A14D88700212C61 /* NewsView.swift */,
			);
			path = News;
			sourceTree = "<group>";
		};
/* End PBXGroup section */

/* Begin PBXNativeTarget section */
		1D87FBC22A0CCEB50013AC3C /* Lakerslakejer */ = {
			isa = PBXNativeTarget;
			buildConfigurationList = 1D87FBD62A0CCEB70013AC3C /* Build configuration list for PBXNativeTarget "Lakerslakejer" */;
			buildPhases = (
				1D87FBBF2A0CCEB50013AC3C /* Sources */,
				1D87FBC02A0CCEB50013AC3C /* Frameworks */,
				1D87FBC12A0CCEB50013AC3C /* Resources */,
			);
			buildRules = (
			);
			dependencies = (
			);
			name = Lakerslakejer;
			packageProductDependencies = (
				61FC44672A129F4700D7F502 /* FirebaseAuth */,
				61FC44692A129F4700D7F502 /* FirebaseDatabase */,
				61FC446B2A129F4700D7F502 /* FirebaseDatabaseSwift */,
				61FC446D2A129F4700D7F502 /* FirebaseFirestore */,
				61FC446F2A129F4700D7F502 /* FirebaseFirestoreSwift */,
				61FC44712A129F4700D7F502 /* FirebaseStorage */,
			);
			productName = Lakerslakejer;
			productReference = 1D87FBC32A0CCEB50013AC3C /* Lakerslakejer.app */;
			productType = "com.apple.product-type.application";
		};
/* End PBXNativeTarget section */

/* Begin PBXProject section */
		1D87FBBB2A0CCEB50013AC3C /* Project object */ = {
			isa = PBXProject;
			attributes = {
				BuildIndependentTargetsInParallel = 1;
				LastSwiftUpdateCheck = 1430;
				LastUpgradeCheck = 1430;
				TargetAttributes = {
					1D87FBC22A0CCEB50013AC3C = {
						CreatedOnToolsVersion = 14.3;
					};
				};
			};
			buildConfigurationList = 1D87FBBE2A0CCEB50013AC3C /* Build configuration list for PBXProject "Lakerslakejer" */;
			compatibilityVersion = "Xcode 14.0";
			developmentRegion = en;
			hasScannedForEncodings = 0;
			knownRegions = (
				en,
				Base,
			);
			mainGroup = 1D87FBBA2A0CCEB50013AC3C;
			packageReferences = (
				61FC44662A129F4700D7F502 /* XCRemoteSwiftPackageReference "firebase-ios-sdk" */,
			);
			productRefGroup = 1D87FBC42A0CCEB50013AC3C /* Products */;
			projectDirPath = "";
			projectRoot = "";
			targets = (
				1D87FBC22A0CCEB50013AC3C /* Lakerslakejer */,
			);
		};
/* End PBXProject section */

/* Begin PBXResourcesBuildPhase section */
		1D87FBC12A0CCEB50013AC3C /* Resources */ = {
			isa = PBXResourcesBuildPhase;
			buildActionMask = 2147483647;
			files = (
				1D87FBCE2A0CCEB70013AC3C /* Preview Assets.xcassets in Resources */,
				1D87FBCB2A0CCEB70013AC3C /* Assets.xcassets in Resources */,
				61FC44652A129F1E00D7F502 /* GoogleService-Info.plist in Resources */,
			);
			runOnlyForDeploymentPostprocessing = 0;
		};
/* End PBXResourcesBuildPhase section */

/* Begin PBXSourcesBuildPhase section */
		1D87FBBF2A0CCEB50013AC3C /* Sources */ = {
			isa = PBXSourcesBuildPhase;
			buildActionMask = 2147483647;
			files = (
				B9721DB82A12593F00493CF3 /* CouponView.swift in Sources */,
				61FC44802A13FAC100D7F502 /* UserRegisterVM.swift in Sources */,
				B9B40FEB2A12349F009CA9C0 /* MenuView.swift in Sources */,
				4E12541E2A1762E2004B8B47 /* SponsorView.swift in Sources */,
				1DAFFEDF2A14D88700212C61 /* NewsView.swift in Sources */,
				B9721DD02A14F64800493CF3 /* CouponViewModel.swift in Sources */,
				B9721DCE2A14F63800493CF3 /* Coupon.swift in Sources */,
				1D85F8972A12396500EB810C /* Extension.swift in Sources */,
				61FC44782A12A58E00D7F502 /* UserSignUpView.swift in Sources */,
				1DBD55F22A13C28000CC31EA /* News.swift in Sources */,
				1DAFFEDB2A14D6DC00212C61 /* CardView.swift in Sources */,
				B9721DBC2A1288F200493CF3 /* LoginView.swift in Sources */,
				1D87FBD02A0CCEB70013AC3C /* Persistence.swift in Sources */,
				1D87FBC92A0CCEB50013AC3C /* ContentView.swift in Sources */,
				1DAFFEDD2A14D86100212C61 /* NewsEntryView.swift in Sources */,
				1D87FBD32A0CCEB70013AC3C /* Lakerslakejer.xcdatamodeld in Sources */,
				1DBD55F02A13C24300CC31EA /* CreateNewsView.swift in Sources */,
				1D87FBC72A0CCEB50013AC3C /* LakerslakejerApp.swift in Sources */,
				61FC447A2A13E73D00D7F502 /* User.swift in Sources */,
				1DBD55F42A13C29700CC31EA /* NewsVM.swift in Sources */,
			);
			runOnlyForDeploymentPostprocessing = 0;
		};
/* End PBXSourcesBuildPhase section */

/* Begin XCBuildConfiguration section */
		1D87FBD42A0CCEB70013AC3C /* Debug */ = {
			isa = XCBuildConfiguration;
			buildSettings = {
				ALWAYS_SEARCH_USER_PATHS = NO;
				CLANG_ANALYZER_NONNULL = YES;
				CLANG_ANALYZER_NUMBER_OBJECT_CONVERSION = YES_AGGRESSIVE;
				CLANG_CXX_LANGUAGE_STANDARD = "gnu++20";
				CLANG_ENABLE_MODULES = YES;
				CLANG_ENABLE_OBJC_ARC = YES;
				CLANG_ENABLE_OBJC_WEAK = YES;
				CLANG_WARN_BLOCK_CAPTURE_AUTORELEASING = YES;
				CLANG_WARN_BOOL_CONVERSION = YES;
				CLANG_WARN_COMMA = YES;
				CLANG_WARN_CONSTANT_CONVERSION = YES;
				CLANG_WARN_DEPRECATED_OBJC_IMPLEMENTATIONS = YES;
				CLANG_WARN_DIRECT_OBJC_ISA_USAGE = YES_ERROR;
				CLANG_WARN_DOCUMENTATION_COMMENTS = YES;
				CLANG_WARN_EMPTY_BODY = YES;
				CLANG_WARN_ENUM_CONVERSION = YES;
				CLANG_WARN_INFINITE_RECURSION = YES;
				CLANG_WARN_INT_CONVERSION = YES;
				CLANG_WARN_NON_LITERAL_NULL_CONVERSION = YES;
				CLANG_WARN_OBJC_IMPLICIT_RETAIN_SELF = YES;
				CLANG_WARN_OBJC_LITERAL_CONVERSION = YES;
				CLANG_WARN_OBJC_ROOT_CLASS = YES_ERROR;
				CLANG_WARN_QUOTED_INCLUDE_IN_FRAMEWORK_HEADER = YES;
				CLANG_WARN_RANGE_LOOP_ANALYSIS = YES;
				CLANG_WARN_STRICT_PROTOTYPES = YES;
				CLANG_WARN_SUSPICIOUS_MOVE = YES;
				CLANG_WARN_UNGUARDED_AVAILABILITY = YES_AGGRESSIVE;
				CLANG_WARN_UNREACHABLE_CODE = YES;
				CLANG_WARN__DUPLICATE_METHOD_MATCH = YES;
				COPY_PHASE_STRIP = NO;
				DEBUG_INFORMATION_FORMAT = dwarf;
				ENABLE_STRICT_OBJC_MSGSEND = YES;
				ENABLE_TESTABILITY = YES;
				GCC_C_LANGUAGE_STANDARD = gnu11;
				GCC_DYNAMIC_NO_PIC = NO;
				GCC_NO_COMMON_BLOCKS = YES;
				GCC_OPTIMIZATION_LEVEL = 0;
				GCC_PREPROCESSOR_DEFINITIONS = (
					"DEBUG=1",
					"$(inherited)",
				);
				GCC_WARN_64_TO_32_BIT_CONVERSION = YES;
				GCC_WARN_ABOUT_RETURN_TYPE = YES_ERROR;
				GCC_WARN_UNDECLARED_SELECTOR = YES;
				GCC_WARN_UNINITIALIZED_AUTOS = YES_AGGRESSIVE;
				GCC_WARN_UNUSED_FUNCTION = YES;
				GCC_WARN_UNUSED_VARIABLE = YES;
				IPHONEOS_DEPLOYMENT_TARGET = 16.4;
				MTL_ENABLE_DEBUG_INFO = INCLUDE_SOURCE;
				MTL_FAST_MATH = YES;
				ONLY_ACTIVE_ARCH = YES;
				SDKROOT = iphoneos;
				SWIFT_ACTIVE_COMPILATION_CONDITIONS = DEBUG;
				SWIFT_OPTIMIZATION_LEVEL = "-Onone";
			};
			name = Debug;
		};
		1D87FBD52A0CCEB70013AC3C /* Release */ = {
			isa = XCBuildConfiguration;
			buildSettings = {
				ALWAYS_SEARCH_USER_PATHS = NO;
				CLANG_ANALYZER_NONNULL = YES;
				CLANG_ANALYZER_NUMBER_OBJECT_CONVERSION = YES_AGGRESSIVE;
				CLANG_CXX_LANGUAGE_STANDARD = "gnu++20";
				CLANG_ENABLE_MODULES = YES;
				CLANG_ENABLE_OBJC_ARC = YES;
				CLANG_ENABLE_OBJC_WEAK = YES;
				CLANG_WARN_BLOCK_CAPTURE_AUTORELEASING = YES;
				CLANG_WARN_BOOL_CONVERSION = YES;
				CLANG_WARN_COMMA = YES;
				CLANG_WARN_CONSTANT_CONVERSION = YES;
				CLANG_WARN_DEPRECATED_OBJC_IMPLEMENTATIONS = YES;
				CLANG_WARN_DIRECT_OBJC_ISA_USAGE = YES_ERROR;
				CLANG_WARN_DOCUMENTATION_COMMENTS = YES;
				CLANG_WARN_EMPTY_BODY = YES;
				CLANG_WARN_ENUM_CONVERSION = YES;
				CLANG_WARN_INFINITE_RECURSION = YES;
				CLANG_WARN_INT_CONVERSION = YES;
				CLANG_WARN_NON_LITERAL_NULL_CONVERSION = YES;
				CLANG_WARN_OBJC_IMPLICIT_RETAIN_SELF = YES;
				CLANG_WARN_OBJC_LITERAL_CONVERSION = YES;
				CLANG_WARN_OBJC_ROOT_CLASS = YES_ERROR;
				CLANG_WARN_QUOTED_INCLUDE_IN_FRAMEWORK_HEADER = YES;
				CLANG_WARN_RANGE_LOOP_ANALYSIS = YES;
				CLANG_WARN_STRICT_PROTOTYPES = YES;
				CLANG_WARN_SUSPICIOUS_MOVE = YES;
				CLANG_WARN_UNGUARDED_AVAILABILITY = YES_AGGRESSIVE;
				CLANG_WARN_UNREACHABLE_CODE = YES;
				CLANG_WARN__DUPLICATE_METHOD_MATCH = YES;
				COPY_PHASE_STRIP = NO;
				DEBUG_INFORMATION_FORMAT = "dwarf-with-dsym";
				ENABLE_NS_ASSERTIONS = NO;
				ENABLE_STRICT_OBJC_MSGSEND = YES;
				GCC_C_LANGUAGE_STANDARD = gnu11;
				GCC_NO_COMMON_BLOCKS = YES;
				GCC_WARN_64_TO_32_BIT_CONVERSION = YES;
				GCC_WARN_ABOUT_RETURN_TYPE = YES_ERROR;
				GCC_WARN_UNDECLARED_SELECTOR = YES;
				GCC_WARN_UNINITIALIZED_AUTOS = YES_AGGRESSIVE;
				GCC_WARN_UNUSED_FUNCTION = YES;
				GCC_WARN_UNUSED_VARIABLE = YES;
				IPHONEOS_DEPLOYMENT_TARGET = 16.4;
				MTL_ENABLE_DEBUG_INFO = NO;
				MTL_FAST_MATH = YES;
				SDKROOT = iphoneos;
				SWIFT_COMPILATION_MODE = wholemodule;
				SWIFT_OPTIMIZATION_LEVEL = "-O";
				VALIDATE_PRODUCT = YES;
			};
			name = Release;
		};
		1D87FBD72A0CCEB70013AC3C /* Debug */ = {
			isa = XCBuildConfiguration;
			buildSettings = {
				ASSETCATALOG_COMPILER_APPICON_NAME = AppIcon;
				ASSETCATALOG_COMPILER_GLOBAL_ACCENT_COLOR_NAME = AccentColor;
				CODE_SIGN_STYLE = Automatic;
				CURRENT_PROJECT_VERSION = 1;
				DEVELOPMENT_ASSET_PATHS = "\"Lakerslakejer/Preview Content\"";
				DEVELOPMENT_TEAM = RW7JF623GP;
				ENABLE_PREVIEWS = YES;
				GENERATE_INFOPLIST_FILE = YES;
				INFOPLIST_KEY_UIApplicationSceneManifest_Generation = YES;
				INFOPLIST_KEY_UIApplicationSupportsIndirectInputEvents = YES;
				INFOPLIST_KEY_UILaunchScreen_Generation = YES;
				INFOPLIST_KEY_UIStatusBarStyle = "";
				INFOPLIST_KEY_UISupportedInterfaceOrientations_iPad = "UIInterfaceOrientationPortrait UIInterfaceOrientationPortraitUpsideDown UIInterfaceOrientationLandscapeLeft UIInterfaceOrientationLandscapeRight";
				INFOPLIST_KEY_UISupportedInterfaceOrientations_iPhone = "UIInterfaceOrientationPortrait UIInterfaceOrientationLandscapeLeft UIInterfaceOrientationLandscapeRight";
				LD_RUNPATH_SEARCH_PATHS = (
					"$(inherited)",
					"@executable_path/Frameworks",
				);
				MARKETING_VERSION = 1.0;
				PRODUCT_BUNDLE_IDENTIFIER = com.example.Lakerslakejer;
				PRODUCT_NAME = "$(TARGET_NAME)";
				SUPPORTED_PLATFORMS = "iphoneos iphonesimulator macosx";
				SUPPORTS_MACCATALYST = NO;
				SUPPORTS_MAC_DESIGNED_FOR_IPHONE_IPAD = YES;
				SWIFT_EMIT_LOC_STRINGS = YES;
				SWIFT_VERSION = 5.0;
				TARGETED_DEVICE_FAMILY = "1,2";
			};
			name = Debug;
		};
		1D87FBD82A0CCEB70013AC3C /* Release */ = {
			isa = XCBuildConfiguration;
			buildSettings = {
				ASSETCATALOG_COMPILER_APPICON_NAME = AppIcon;
				ASSETCATALOG_COMPILER_GLOBAL_ACCENT_COLOR_NAME = AccentColor;
				CODE_SIGN_STYLE = Automatic;
				CURRENT_PROJECT_VERSION = 1;
				DEVELOPMENT_ASSET_PATHS = "\"Lakerslakejer/Preview Content\"";
				DEVELOPMENT_TEAM = RW7JF623GP;
				ENABLE_PREVIEWS = YES;
				GENERATE_INFOPLIST_FILE = YES;
				INFOPLIST_KEY_UIApplicationSceneManifest_Generation = YES;
				INFOPLIST_KEY_UIApplicationSupportsIndirectInputEvents = YES;
				INFOPLIST_KEY_UILaunchScreen_Generation = YES;
				INFOPLIST_KEY_UIStatusBarStyle = "";
				INFOPLIST_KEY_UISupportedInterfaceOrientations_iPad = "UIInterfaceOrientationPortrait UIInterfaceOrientationPortraitUpsideDown UIInterfaceOrientationLandscapeLeft UIInterfaceOrientationLandscapeRight";
				INFOPLIST_KEY_UISupportedInterfaceOrientations_iPhone = "UIInterfaceOrientationPortrait UIInterfaceOrientationLandscapeLeft UIInterfaceOrientationLandscapeRight";
				LD_RUNPATH_SEARCH_PATHS = (
					"$(inherited)",
					"@executable_path/Frameworks",
				);
				MARKETING_VERSION = 1.0;
				PRODUCT_BUNDLE_IDENTIFIER = com.example.Lakerslakejer;
				PRODUCT_NAME = "$(TARGET_NAME)";
				SUPPORTED_PLATFORMS = "iphoneos iphonesimulator macosx";
				SUPPORTS_MACCATALYST = NO;
				SUPPORTS_MAC_DESIGNED_FOR_IPHONE_IPAD = YES;
				SWIFT_EMIT_LOC_STRINGS = YES;
				SWIFT_VERSION = 5.0;
				TARGETED_DEVICE_FAMILY = "1,2";
			};
			name = Release;
		};
/* End XCBuildConfiguration section */

/* Begin XCConfigurationList section */
		1D87FBBE2A0CCEB50013AC3C /* Build configuration list for PBXProject "Lakerslakejer" */ = {
			isa = XCConfigurationList;
			buildConfigurations = (
				1D87FBD42A0CCEB70013AC3C /* Debug */,
				1D87FBD52A0CCEB70013AC3C /* Release */,
			);
			defaultConfigurationIsVisible = 0;
			defaultConfigurationName = Release;
		};
		1D87FBD62A0CCEB70013AC3C /* Build configuration list for PBXNativeTarget "Lakerslakejer" */ = {
			isa = XCConfigurationList;
			buildConfigurations = (
				1D87FBD72A0CCEB70013AC3C /* Debug */,
				1D87FBD82A0CCEB70013AC3C /* Release */,
			);
			defaultConfigurationIsVisible = 0;
			defaultConfigurationName = Release;
		};
/* End XCConfigurationList section */

/* Begin XCRemoteSwiftPackageReference section */
		61FC44662A129F4700D7F502 /* XCRemoteSwiftPackageReference "firebase-ios-sdk" */ = {
			isa = XCRemoteSwiftPackageReference;
			repositoryURL = "https://github.com/firebase/firebase-ios-sdk";
			requirement = {
				kind = upToNextMajorVersion;
				minimumVersion = 10.0.0;
			};
		};
/* End XCRemoteSwiftPackageReference section */

/* Begin XCSwiftPackageProductDependency section */
		61FC44672A129F4700D7F502 /* FirebaseAuth */ = {
			isa = XCSwiftPackageProductDependency;
			package = 61FC44662A129F4700D7F502 /* XCRemoteSwiftPackageReference "firebase-ios-sdk" */;
			productName = FirebaseAuth;
		};
		61FC44692A129F4700D7F502 /* FirebaseDatabase */ = {
			isa = XCSwiftPackageProductDependency;
			package = 61FC44662A129F4700D7F502 /* XCRemoteSwiftPackageReference "firebase-ios-sdk" */;
			productName = FirebaseDatabase;
		};
		61FC446B2A129F4700D7F502 /* FirebaseDatabaseSwift */ = {
			isa = XCSwiftPackageProductDependency;
			package = 61FC44662A129F4700D7F502 /* XCRemoteSwiftPackageReference "firebase-ios-sdk" */;
			productName = FirebaseDatabaseSwift;
		};
		61FC446D2A129F4700D7F502 /* FirebaseFirestore */ = {
			isa = XCSwiftPackageProductDependency;
			package = 61FC44662A129F4700D7F502 /* XCRemoteSwiftPackageReference "firebase-ios-sdk" */;
			productName = FirebaseFirestore;
		};
		61FC446F2A129F4700D7F502 /* FirebaseFirestoreSwift */ = {
			isa = XCSwiftPackageProductDependency;
			package = 61FC44662A129F4700D7F502 /* XCRemoteSwiftPackageReference "firebase-ios-sdk" */;
			productName = FirebaseFirestoreSwift;
		};
		61FC44712A129F4700D7F502 /* FirebaseStorage */ = {
			isa = XCSwiftPackageProductDependency;
			package = 61FC44662A129F4700D7F502 /* XCRemoteSwiftPackageReference "firebase-ios-sdk" */;
			productName = FirebaseStorage;
		};
/* End XCSwiftPackageProductDependency section */

/* Begin XCVersionGroup section */
		1D87FBD12A0CCEB70013AC3C /* Lakerslakejer.xcdatamodeld */ = {
			isa = XCVersionGroup;
			children = (
				1D87FBD22A0CCEB70013AC3C /* Lakerslakejer.xcdatamodel */,
			);
			currentVersion = 1D87FBD22A0CCEB70013AC3C /* Lakerslakejer.xcdatamodel */;
			path = Lakerslakejer.xcdatamodeld;
			sourceTree = "<group>";
			versionGroupType = wrapper.xcdatamodel;
		};
/* End XCVersionGroup section */
	};
	rootObject = 1D87FBBB2A0CCEB50013AC3C /* Project object */;
}
